
Microsoft Visual Studio Solution File, Format Version 12.00
# Visual Studio Version 16
VisualStudioVersion = 16.0.31112.23
MinimumVisualStudioVersion = 10.0.40219.1
Project("{FAE04EC0-301F-11D3-BF4B-00C04F79EFBC}") = "practica1.9-04", "practica1.9-04\practica1.9-04.csproj", "{A43AE4FC-6E0C-4CD0-AB12-707E59324E4F}"
EndProject
Global
	GlobalSection(SolutionConfigurationPlatforms) = preSolution
		Debug|Any CPU = Debug|Any CPU
		Release|Any CPU = Release|Any CPU
	EndGlobalSection
	GlobalSection(ProjectConfigurationPlatforms) = postSolution
		{A43AE4FC-6E0C-4CD0-AB12-707E59324E4F}.Debug|Any CPU.ActiveCfg = Debug|Any CPU
		{A43AE4FC-6E0C-4CD0-AB12-707E59324E4F}.Debug|Any CPU.Build.0 = Debug|Any CPU
		{A43AE4FC-6E0C-4CD0-AB12-707E59324E4F}.Release|Any CPU.ActiveCfg = Release|Any CPU
		{A43AE4FC-6E0C-4CD0-AB12-707E59324E4F}.Release|Any CPU.Build.0 = Release|Any CPU
	EndGlobalSection
	GlobalSection(SolutionProperties) = preSolution
		HideSolutionNode = FALSE
	EndGlobalSection
	GlobalSection(ExtensibilityGlobals) = postSolution
		SolutionGuid = {0DD189C5-8041-4610-B5AF-C6A66E17A447}
	EndGlobalSection
EndGlobal
